version: 7
platforms:
- name: win-64
environments:
  default:
    channels:
    - url: https://conda.anaconda.org/conda-forge/
    indexes:
    - https://pypi.org/simple
    packages:
      win-64:
      - conda: https://conda.anaconda.org/conda-forge/noarch/_python_abi3_support-1.0-hd8ed1ab_2.conda
      - conda: https://conda.anaconda.org/conda-forge/noarch/asttokens-3.0.1-pyhd8ed1ab_0.conda
      - conda: https://conda.anaconda.org/conda-forge/noarch/ca-certificates-2026.4.22-h4c7d964_0.conda
      - conda: https://conda.anaconda.org/conda-forge/noarch/colorama-0.4.6-pyhd8ed1ab_1.conda
      - conda: https://conda.anaconda.org/conda-forge/noarch/comm-0.2.3-pyhe01879c_0.conda
      - conda: https://conda.anaconda.org/conda-forge/noarch/cpython-3.14.4-py314hd8ed1ab_100.conda
      - conda: https://conda.anaconda.org/conda-forge/noarch/decorator-5.3.0-pyhd8ed1ab_0.conda
      - conda: https://conda.anaconda.org/conda-forge/noarch/exceptiongroup-1.3.1-pyhd8ed1ab_0.conda
      - conda: https://conda.anaconda.org/conda-forge/noarch/executing-2.2.1-pyhd8ed1ab_0.conda
      - conda: https://conda.anaconda.org/conda-forge/noarch/iniconfig-2.3.0-pyhd8ed1ab_0.conda
      - conda: https://conda.anaconda.org/conda-forge/noarch/ipykernel-7.2.0-pyh6dadd2b_1.conda
      - conda: https://conda.anaconda.org/conda-forge/noarch/ipython-9.13.0-pyhe2676ad_0.conda
      - conda: https://conda.anaconda.org/conda-forge/noarch/ipython_pygments_lexers-1.1.1-pyhd8ed1ab_0.conda
      - conda: https://conda.anaconda.org/conda-forge/noarch/jedi-0.19.2-pyhd8ed1ab_1.conda
      - conda: https://conda.anaconda.org/conda-forge/noarch/jupyter_client-8.8.0-pyhcf101f3_0.conda
      - conda: https://conda.anaconda.org/conda-forge/noarch/jupyter_core-5.9.1-pyh6dadd2b_0.conda
      - conda: https://conda.anaconda.org/conda-forge/noarch/matplotlib-inline-0.2.2-pyhd8ed1ab_0.conda
      - conda: https://conda.anaconda.org/conda-forge/noarch/neo4j-python-driver-6.2.0-pyhcf101f3_1.conda
      - conda: https://conda.anaconda.org/conda-forge/noarch/nest-asyncio-1.6.0-pyhd8ed1ab_1.conda
      - conda: https://conda.anaconda.org/conda-forge/noarch/packaging-26.2-pyhc364b38_0.conda
      - conda: https://conda.anaconda.org/conda-forge/noarch/parso-0.8.7-pyhcf101f3_0.conda
      - conda: https://conda.anaconda.org/conda-forge/noarch/platformdirs-4.9.6-pyhcf101f3_0.conda
      - conda: https://conda.anaconda.org/conda-forge/noarch/pluggy-1.6.0-pyhf9edf01_1.conda
      - conda: https://conda.anaconda.org/conda-forge/noarch/prompt-toolkit-3.0.52-pyha770c72_0.conda
      - conda: https://conda.anaconda.org/conda-forge/noarch/pure_eval-0.2.3-pyhd8ed1ab_1.conda
      - conda: https://conda.anaconda.org/conda-forge/noarch/pygments-2.20.0-pyhd8ed1ab_0.conda
      - conda: https://conda.anaconda.org/conda-forge/noarch/pytest-9.0.3-pyhc364b38_1.conda
      - conda: https://conda.anaconda.org/conda-forge/noarch/python-dateutil-2.9.0.post0-pyhe01879c_2.conda
      - conda: https://conda.anaconda.org/conda-forge/noarch/python-gil-3.14.4-h4df99d1_100.conda
      - conda: https://conda.anaconda.org/conda-forge/noarch/python_abi-3.14-8_cp314.conda
      - conda: https://conda.anaconda.org/conda-forge/noarch/pytz-2026.2-pyhcf101f3_0.conda
      - conda: https://conda.anaconda.org/conda-forge/noarch/six-1.17.0-pyhe01879c_1.conda
      - conda: https://conda.anaconda.org/conda-forge/noarch/stack_data-0.6.3-pyhd8ed1ab_1.conda
      - conda: https://conda.anaconda.org/conda-forge/noarch/tomli-2.4.1-pyhcf101f3_0.conda
      - conda: https://conda.anaconda.org/conda-forge/noarch/traitlets-5.15.0-pyhcf101f3_0.conda
      - conda: https://conda.anaconda.org/conda-forge/noarch/typing_extensions-4.15.0-pyhcf101f3_0.conda
      - conda: https://conda.anaconda.org/conda-forge/noarch/tzdata-2025c-hc9c84f9_1.conda
      - conda: https://conda.anaconda.org/conda-forge/noarch/wcwidth-0.7.0-pyhd8ed1ab_0.conda
      - conda: https://conda.anaconda.org/conda-forge/win-64/bzip2-1.0.8-h0ad9c76_9.conda
      - conda: https://conda.anaconda.org/conda-forge/win-64/debugpy-1.8.20-py314hb98de8c_0.conda
      - conda: https://conda.anaconda.org/conda-forge/win-64/krb5-1.22.2-h0ea6238_0.conda
      - conda: https://conda.anaconda.org/conda-forge/win-64/libexpat-2.8.0-hac47afa_0.conda
      - conda: https://conda.anaconda.org/conda-forge/win-64/libffi-3.5.2-h3d046cb_0.conda
      - conda: https://conda.anaconda.org/conda-forge/win-64/liblzma-5.8.3-hfd05255_0.conda
      - conda: https://conda.anaconda.org/conda-forge/win-64/libmpdec-4.0.0-hfd05255_1.conda
      - conda: https://conda.anaconda.org/conda-forge/win-64/libsodium-1.0.21-h6a83c73_3.conda
      - conda: https://conda.anaconda.org/conda-forge/win-64/libsqlite-3.53.1-hf5d6505_0.conda
      - conda: https://conda.anaconda.org/conda-forge/win-64/libzlib-1.3.2-hfd05255_2.conda
      - conda: https://conda.anaconda.org/conda-forge/win-64/openssl-3.6.2-hf411b9b_0.conda
      - conda: https://conda.anaconda.org/conda-forge/win-64/psutil-7.2.2-py314hc5dbbe4_0.conda
      - conda: https://conda.anaconda.org/conda-forge/win-64/python-3.14.4-h4b44e0e_100_cp314.conda
      - conda: https://conda.anaconda.org/conda-forge/win-64/pywin32-311-py314h8f8f202_1.conda
      - conda: https://conda.anaconda.org/conda-forge/win-64/pyzmq-27.1.0-py312h343a6d4_2.conda
      - conda: https://conda.anaconda.org/conda-forge/win-64/tk-8.6.13-h6ed50ae_3.conda
      - conda: https://conda.anaconda.org/conda-forge/win-64/tornado-6.5.5-py314h5a2d7ad_0.conda
      - conda: https://conda.anaconda.org/conda-forge/win-64/ucrt-10.0.26100.0-h57928b3_0.conda
      - conda: https://conda.anaconda.org/conda-forge/win-64/vc-14.3-h41ae7f8_36.conda
      - conda: https://conda.anaconda.org/conda-forge/win-64/vc14_runtime-14.44.35208-h818238b_36.conda
      - conda: https://conda.anaconda.org/conda-forge/win-64/vcomp14-14.44.35208-h818238b_36.conda
      - conda: https://conda.anaconda.org/conda-forge/win-64/zeromq-4.3.5-h507cc87_10.conda
      - conda: https://conda.anaconda.org/conda-forge/win-64/zstd-1.5.7-h534d264_6.conda
      - pypi: https://files.pythonhosted.org/packages/17/c1/3226e6d7f5a4f736f38ac11a6fbb262d701889802595cdb0f53a885ac2e0/pydantic_extra_types-2.11.1-py3-none-any.whl
      - pypi: https://files.pythonhosted.org/packages/3f/0e/fa3b193432cfc60c93b42f3be03365f5f909d2b3ea410295cf36df739e31/widgetsnbextension-4.0.15-py3-none-any.whl
      - pypi: https://files.pythonhosted.org/packages/56/6d/0d9848617b9f753b87f214f1c682592f7ca42de085f564352f10f0843026/ipywidgets-8.1.8-py3-none-any.whl
      - pypi: https://files.pythonhosted.org/packages/78/b6/6307fbef88d9b5ee7421e68d78a9f162e0da4900bc5f5793f6d3d0e34fb8/annotated_types-0.7.0-py3-none-any.whl
      - pypi: https://files.pythonhosted.org/packages/84/45/cf8a8df3ebe78db691ab54525d552085b67658877f0334f4b0c08c43b518/enum_tools-0.13.0-py3-none-any.whl
      - pypi: https://files.pythonhosted.org/packages/8e/c2/8fec8e8e2eb920cc2280f569144080cd58622a2eda83bfa4c0c354a63264/anywidget-0.11.0-py3-none-any.whl
      - pypi: https://files.pythonhosted.org/packages/9f/e9/8e38e2d9d3252caf7e91c8b71e9701e792c6912de71c95a000889d2fb1a2/neo4j_viz-1.4.0-py3-none-any.whl
      - pypi: https://files.pythonhosted.org/packages/ab/b5/36c712098e6191d1b4e349304ef73a8d06aed77e56ceaac8c0a306c7bda1/jupyterlab_widgets-3.0.16-py3-none-any.whl
      - pypi: https://files.pythonhosted.org/packages/b7/85/b4f45ec3057c473b5622fc002b3a636a698c34d3a0917a064ff5247f1984/psygnal-0.15.1-cp314-cp314-win_amd64.whl
      - pypi: https://files.pythonhosted.org/packages/dc/9b/47798a6c91d8bdb567fe2698fe81e0c6b7cb7ef4d13da4114b41d239f65d/typing_inspection-0.4.2-py3-none-any.whl
      - pypi: https://files.pythonhosted.org/packages/fc/b6/6b8de4c0a7d7ab3004c439c80c5c1e0a3e8d78bbae19379b01960383d9e5/pydantic_core-2.46.4-cp314-cp314-win_amd64.whl
      - pypi: https://files.pythonhosted.org/packages/fd/7b/122376b1fd3c62c1ed9dc80c931ace4844b3c55407b6fb2d199377c9736f/pydantic-2.13.4-py3-none-any.whl
packages:
- conda: https://conda.anaconda.org/conda-forge/noarch/_python_abi3_support-1.0-hd8ed1ab_2.conda
  sha256: a3967b937b9abf0f2a99f3173fa4630293979bd1644709d89580e7c62a544661
  md5: aaa2a381ccc56eac91d63b6c1240312f
  depends:
  - cpython
  - python-gil
  license: MIT
  license_family: MIT
  purls: []
  size: 8191
  timestamp: 1744137672556
- conda: https://conda.anaconda.org/conda-forge/noarch/asttokens-3.0.1-pyhd8ed1ab_0.conda
  sha256: ee4da0f3fe9d59439798ee399ef3e482791e48784873d546e706d0935f9ff010
  md5: 9673a61a297b00016442e022d689faa6
  depends:
  - python >=3.10
  constrains:
  - astroid >=2,<5
  license: Apache-2.0
  license_family: Apache
  purls:
  - pkg:pypi/asttokens?source=hash-mapping
  size: 28797
  timestamp: 1763410017955
- conda: https://conda.anaconda.org/conda-forge/noarch/ca-certificates-2026.4.22-h4c7d964_0.conda
  sha256: 6f4ff81534c19e76acf52fcabf4a258088a932b8f1ac56e9a59e98f6051f8e46
  md5: 56fb2c6c73efc627b40c77d14caecfba
  depends:
  - __win
  license: ISC
  purls: []
  size: 131388
  timestamp: 1776865633471
- conda: https://conda.anaconda.org/conda-forge/noarch/colorama-0.4.6-pyhd8ed1ab_1.conda
  sha256: ab29d57dc70786c1269633ba3dff20288b81664d3ff8d21af995742e2bb03287
  md5: 962b9857ee8e7018c22f2776ffa0b2d7
  depends:
  - python >=3.9
  license: BSD-3-Clause
  license_family: BSD
  purls:
  - pkg:pypi/colorama?source=hash-mapping
  size: 27011
  timestamp: 1733218222191
- conda: https://conda.anaconda.org/conda-forge/noarch/comm-0.2.3-pyhe01879c_0.conda
  sha256: 576a44729314ad9e4e5ebe055fbf48beb8116b60e58f9070278985b2b634f212
  md5: 2da13f2b299d8e1995bafbbe9689a2f7
  depends:
  - python >=3.9
  - python
  license: BSD-3-Clause
  license_family: BSD
  purls:
  - pkg:pypi/comm?source=hash-mapping
  size: 14690
  timestamp: 1753453984907
- conda: https://conda.anaconda.org/conda-forge/noarch/cpython-3.14.4-py314hd8ed1ab_100.conda
  noarch: generic
  sha256: 40dc224f2b718e5f034efd2332bc315a719063235f63673468d26a24770094ee
  md5: f111d4cfaf1fe9496f386bc98ae94452
  depends:
  - python >=3.14,<3.15.0a0
  - python_abi * *_cp314
  license: Python-2.0
  purls: []
  size: 49809
  timestamp: 1775614256655
- conda: https://conda.anaconda.org/conda-forge/noarch/decorator-5.3.0-pyhd8ed1ab_0.conda
  sha256: 78df51c83107eced84a6d07643fa9d8da2e93384208cc1941bad0da2c9cf8b07
  md5: ed5e04c929dc7c8bd57684aa14fa5693
  depends:
  - python >=3.10
  license: BSD-2-Clause
  purls:
  - pkg:pypi/decorator?source=compressed-mapping
  size: 16435
  timestamp: 1779011007912
- conda: https://conda.anaconda.org/conda-forge/noarch/exceptiongroup-1.3.1-pyhd8ed1ab_0.conda
  sha256: ee6cf346d017d954255bbcbdb424cddea4d14e4ed7e9813e429db1d795d01144
  md5: 8e662bd460bda79b1ea39194e3c4c9ab
  depends:
  - python >=3.10
  - typing_extensions >=4.6.0
  license: MIT and PSF-2.0
  purls:
  - pkg:pypi/exceptiongroup?source=hash-mapping
  size: 21333
  timestamp: 1763918099466
- conda: https://conda.anaconda.org/conda-forge/noarch/executing-2.2.1-pyhd8ed1ab_0.conda
  sha256: 210c8165a58fdbf16e626aac93cc4c14dbd551a01d1516be5ecad795d2422cad
  md5: ff9efb7f7469aed3c4a8106ffa29593c
  depends:
  - python >=3.10
  license: MIT
  license_family: MIT
  purls:
  - pkg:pypi/executing?source=hash-mapping
  size: 30753
  timestamp: 1756729456476
- conda: https://conda.anaconda.org/conda-forge/noarch/iniconfig-2.3.0-pyhd8ed1ab_0.conda
  sha256: e1a9e3b1c8fe62dc3932a616c284b5d8cbe3124bbfbedcf4ce5c828cb166ee19
  md5: 9614359868482abba1bd15ce465e3c42
  depends:
  - python >=3.10
  license: MIT
  license_family: MIT
  purls:
  - pkg:pypi/iniconfig?source=hash-mapping
  size: 13387
  timestamp: 1760831448842
- conda: https://conda.anaconda.org/conda-forge/noarch/ipykernel-7.2.0-pyh6dadd2b_1.conda
  sha256: 9cdadaeef5abadca4113f92f5589db19f8b7df5e1b81cb0225f7024a3aedefa3
  md5: b3a7d5842f857414d9ae831a799444dd
  depends:
  - __win
  - comm >=0.1.1
  - debugpy >=1.6.5
  - ipython >=7.23.1
  - jupyter_client >=8.8.0
  - jupyter_core >=5.1,!=6.0.*
  - matplotlib-inline >=0.1
  - nest-asyncio >=1.4
  - packaging >=22
  - psutil >=5.7
  - python >=3.10
  - pyzmq >=25
  - tornado >=6.4.1
  - traitlets >=5.4.0
  - python
  constrains:
  - appnope >=0.1.2
  license: BSD-3-Clause
  license_family: BSD
  purls:
  - pkg:pypi/ipykernel?source=hash-mapping
  size: 132382
  timestamp: 1770566174387
- conda: https://conda.anaconda.org/conda-forge/noarch/ipython-9.13.0-pyhe2676ad_0.conda
  sha256: f252ec33597115ff21cbb31051f6f9be34ca36cbbbf3d266b597660d8d8edde9
  md5: 5631ab99e902463d9dd4221e5b4eab6d
  depends:
  - __win
  - decorator >=5.1.0
  - ipython_pygments_lexers >=1.0.0
  - jedi >=0.18.2
  - matplotlib-inline >=0.1.6
  - prompt-toolkit >=3.0.41,<3.1.0
  - psutil >=7
  - pygments >=2.14.0
  - python >=3.11
  - stack_data >=0.6.0
  - traitlets >=5.13.0
  - typing_extensions >=4.6
  - colorama >=0.4.4
  - python
  license: BSD-3-Clause
  license_family: BSD
  purls:
  - pkg:pypi/ipython?source=hash-mapping
  size: 650593
  timestamp: 1777038425499
- conda: https://conda.anaconda.org/conda-forge/noarch/ipython_pygments_lexers-1.1.1-pyhd8ed1ab_0.conda
  sha256: 894682a42a7d659ae12878dbcb274516a7031bbea9104e92f8e88c1f2765a104
  md5: bd80ba060603cc228d9d81c257093119
  depends:
  - pygments
  - python >=3.9
  license: BSD-3-Clause
  license_family: BSD
  purls:
  - pkg:pypi/ipython-pygments-lexers?source=hash-mapping
  size: 13993
  timestamp: 1737123723464
- conda: https://conda.anaconda.org/conda-forge/noarch/jedi-0.19.2-pyhd8ed1ab_1.conda
  sha256: 92c4d217e2dc68983f724aa983cca5464dcb929c566627b26a2511159667dba8
  md5: a4f4c5dc9b80bc50e0d3dc4e6e8f1bd9
  depends:
  - parso >=0.8.3,<0.9.0
  - python >=3.9
  license: Apache-2.0 AND MIT
  purls:
  - pkg:pypi/jedi?source=hash-mapping
  size: 843646
  timestamp: 1733300981994
- conda: https://conda.anaconda.org/conda-forge/noarch/jupyter_client-8.8.0-pyhcf101f3_0.conda
  sha256: e402bd119720862a33229624ec23645916a7d47f30e1711a4af9e005162b84f3
  md5: 8a3d6d0523f66cf004e563a50d9392b3
  depends:
  - jupyter_core >=5.1
  - python >=3.10
  - python-dateutil >=2.8.2
  - pyzmq >=25.0
  - tornado >=6.4.1
  - traitlets >=5.3
  - python
  license: BSD-3-Clause
  license_family: BSD
  purls:
  - pkg:pypi/jupyter-client?source=hash-mapping
  size: 112785
  timestamp: 1767954655912
- conda: https://conda.anaconda.org/conda-forge/noarch/jupyter_core-5.9.1-pyh6dadd2b_0.conda
  sha256: ed709a6c25b731e01563521ef338b93986cd14b5bc17f35e9382000864872ccc
  md5: a8db462b01221e9f5135be466faeb3e0
  depends:
  - __win
  - pywin32
  - platformdirs >=2.5
  - python >=3.10
  - traitlets >=5.3
  - python
  constrains:
  - pywin32 >=300
  license: BSD-3-Clause
  license_family: BSD
  purls:
  - pkg:pypi/jupyter-core?source=hash-mapping
  size: 64679
  timestamp: 1760643889625
- conda: https://conda.anaconda.org/conda-forge/noarch/matplotlib-inline-0.2.2-pyhd8ed1ab_0.conda
  sha256: 35b43d7343f74452307fd018a1cca92b8f68961ff8e2ab6a81ce0a703c9a3764
  md5: 9acc1c385be401d533ff70ef5b50dae6
  depends:
  - python >=3.10
  - traitlets
  license: BSD-3-Clause
  license_family: BSD
  purls:
  - pkg:pypi/matplotlib-inline?source=hash-mapping
  size: 15725
  timestamp: 1778264403247
- conda: https://conda.anaconda.org/conda-forge/noarch/neo4j-python-driver-6.2.0-pyhcf101f3_1.conda
  sha256: 3576925bc1bdcf6af08ee92eeae7eb0d31e6e8c7eb9f7b30daa8837c3194131d
  md5: ba853af34d7b8d3b3528e75919c882a5
  depends:
  - python >=3.10
  - pytz
  - python
  license: Apache-2.0 AND Python-2.0
  purls:
  - pkg:pypi/neo4j?source=hash-mapping
  size: 169575
  timestamp: 1777895332647
- conda: https://conda.anaconda.org/conda-forge/noarch/nest-asyncio-1.6.0-pyhd8ed1ab_1.conda
  sha256: bb7b21d7fd0445ddc0631f64e66d91a179de4ba920b8381f29b9d006a42788c0
  md5: 598fd7d4d0de2455fb74f56063969a97
  depends:
  - python >=3.9
  license: BSD-2-Clause
  license_family: BSD
  purls:
  - pkg:pypi/nest-asyncio?source=hash-mapping
  size: 11543
  timestamp: 1733325673691
- conda: https://conda.anaconda.org/conda-forge/noarch/packaging-26.2-pyhc364b38_0.conda
  sha256: 3906abfb6511a3bb309e39b9b1b7bc38f50a723971de2395489fd1f379255890
  md5: 4c06a92e74452cfa53623a81592e8934
  depends:
  - python >=3.8
  - python
  license: Apache-2.0
  license_family: APACHE
  purls:
  - pkg:pypi/packaging?source=hash-mapping
  size: 91574
  timestamp: 1777103621679
- conda: https://conda.anaconda.org/conda-forge/noarch/parso-0.8.7-pyhcf101f3_0.conda
  sha256: 611882f7944b467281c46644ffde6c5145d1a7730388bcde26e7e86819b0998e
  md5: 39894c952938276405a1bd30e4ce2caf
  depends:
  - python >=3.10
  - python
  license: MIT
  license_family: MIT
  purls:
  - pkg:pypi/parso?source=hash-mapping
  size: 82472
  timestamp: 1777722955579
- conda: https://conda.anaconda.org/conda-forge/noarch/platformdirs-4.9.6-pyhcf101f3_0.conda
  sha256: 8f29915c172f1f7f4f7c9391cd5dac3ebf5d13745c8b7c8006032615246345a5
  md5: 89c0b6d1793601a2a3a3f7d2d3d8b937
  depends:
  - python >=3.10
  - python
  license: MIT
  license_family: MIT
  purls:
  - pkg:pypi/platformdirs?source=hash-mapping
  size: 25862
  timestamp: 1775741140609
- conda: https://conda.anaconda.org/conda-forge/noarch/pluggy-1.6.0-pyhf9edf01_1.conda
  sha256: e14aafa63efa0528ca99ba568eaf506eb55a0371d12e6250aaaa61718d2eb62e
  md5: d7585b6550ad04c8c5e21097ada2888e
  depends:
  - python >=3.9
  - python
  license: MIT
  license_family: MIT
  purls:
  - pkg:pypi/pluggy?source=hash-mapping
  size: 25877
  timestamp: 1764896838868
- conda: https://conda.anaconda.org/conda-forge/noarch/prompt-toolkit-3.0.52-pyha770c72_0.conda
  sha256: 4817651a276016f3838957bfdf963386438c70761e9faec7749d411635979bae
  md5: edb16f14d920fb3faf17f5ce582942d6
  depends:
  - python >=3.10
  - wcwidth
  constrains:
  - prompt_toolkit 3.0.52
  license: BSD-3-Clause
  license_family: BSD
  purls:
  - pkg:pypi/prompt-toolkit?source=hash-mapping
  size: 273927
  timestamp: 1756321848365
- conda: https://conda.anaconda.org/conda-forge/noarch/pure_eval-0.2.3-pyhd8ed1ab_1.conda
  sha256: 71bd24600d14bb171a6321d523486f6a06f855e75e547fa0cb2a0953b02047f0
  md5: 3bfdfb8dbcdc4af1ae3f9a8eb3948f04
  depends:
  - python >=3.9
  license: MIT
  license_family: MIT
  purls:
  - pkg:pypi/pure-eval?source=hash-mapping
  size: 16668
  timestamp: 1733569518868
- conda: https://conda.anaconda.org/conda-forge/noarch/pygments-2.20.0-pyhd8ed1ab_0.conda
  sha256: cf70b2f5ad9ae472b71235e5c8a736c9316df3705746de419b59d442e8348e86
  md5: 16c18772b340887160c79a6acc022db0
  depends:
  - python >=3.10
  license: BSD-2-Clause
  license_family: BSD
  purls:
  - pkg:pypi/pygments?source=hash-mapping
  size: 893031
  timestamp: 1774796815820
- conda: https://conda.anaconda.org/conda-forge/noarch/pytest-9.0.3-pyhc364b38_1.conda
  sha256: 960f59442173eee0731906a9077bd5ccf60f4b4226f05a22d1728ab9a21a879c
  md5: 6a991452eadf2771952f39d43615bb3e
  depends:
  - colorama >=0.4
  - pygments >=2.7.2
  - python >=3.10
  - iniconfig >=1.0.1
  - packaging >=22
  - pluggy >=1.5,<2
  - tomli >=1
  - exceptiongroup >=1
  - python
  constrains:
  - pytest-faulthandler >=2
  license: MIT
  license_family: MIT
  purls:
  - pkg:pypi/pytest?source=hash-mapping
  size: 299984
  timestamp: 1775644472530
- conda: https://conda.anaconda.org/conda-forge/noarch/python-dateutil-2.9.0.post0-pyhe01879c_2.conda
  sha256: d6a17ece93bbd5139e02d2bd7dbfa80bee1a4261dced63f65f679121686bf664
  md5: 5b8d21249ff20967101ffa321cab24e8
  depends:
  - python >=3.9
  - six >=1.5
  - python
  license: Apache-2.0
  license_family: APACHE
  purls:
  - pkg:pypi/python-dateutil?source=hash-mapping
  size: 233310
  timestamp: 1751104122689
- conda: https://conda.anaconda.org/conda-forge/noarch/python-gil-3.14.4-h4df99d1_100.conda
  sha256: 36ff7984e4565c85149e64f8206303d412a0652e55cf806dcb856903fa056314
  md5: e4e60721757979d01d3964122f674959
  depends:
  - cpython 3.14.4.*
  - python_abi * *_cp314
  license: Python-2.0
  purls: []
  size: 49806
  timestamp: 1775614307464
- conda: https://conda.anaconda.org/conda-forge/noarch/python_abi-3.14-8_cp314.conda
  build_number: 8
  sha256: ad6d2e9ac39751cc0529dd1566a26751a0bf2542adb0c232533d32e176e21db5
  md5: 0539938c55b6b1a59b560e843ad864a4
  constrains:
  - python 3.14.* *_cp314
  license: BSD-3-Clause
  license_family: BSD
  purls: []
  size: 6989
  timestamp: 1752805904792
- conda: https://conda.anaconda.org/conda-forge/noarch/pytz-2026.2-pyhcf101f3_0.conda
  sha256: 5020863d629f584b5c057333a67a7aed43e3ed013ba15dd70f353501ccb5aff6
  md5: 03cb60f505ad3ada0a95277af5faeb1a
  depends:
  - python >=3.10
  - python
  license: MIT
  license_family: MIT
  purls:
  - pkg:pypi/pytz?source=hash-mapping
  size: 201747
  timestamp: 1777892201250
- conda: https://conda.anaconda.org/conda-forge/noarch/six-1.17.0-pyhe01879c_1.conda
  sha256: 458227f759d5e3fcec5d9b7acce54e10c9e1f4f4b7ec978f3bfd54ce4ee9853d
  md5: 3339e3b65d58accf4ca4fb8748ab16b3
  depends:
  - python >=3.9
  - python
  license: MIT
  license_family: MIT
  purls:
  - pkg:pypi/six?source=hash-mapping
  size: 18455
  timestamp: 1753199211006
- conda: https://conda.anaconda.org/conda-forge/noarch/stack_data-0.6.3-pyhd8ed1ab_1.conda
  sha256: 570da295d421661af487f1595045760526964f41471021056e993e73089e9c41
  md5: b1b505328da7a6b246787df4b5a49fbc
  depends:
  - asttokens
  - executing
  - pure_eval
  - python >=3.9
  license: MIT
  license_family: MIT
  purls:
  - pkg:pypi/stack-data?source=hash-mapping
  size: 26988
  timestamp: 1733569565672
- conda: https://conda.anaconda.org/conda-forge/noarch/tomli-2.4.1-pyhcf101f3_0.conda
  sha256: 91cafdb64268e43e0e10d30bd1bef5af392e69f00edd34dfaf909f69ab2da6bd
  md5: b5325cf06a000c5b14970462ff5e4d58
  depends:
  - python >=3.10
  - python
  license: MIT
  license_family: MIT
  purls:
  - pkg:pypi/tomli?source=hash-mapping
  size: 21561
  timestamp: 1774492402955
- conda: https://conda.anaconda.org/conda-forge/noarch/traitlets-5.15.0-pyhcf101f3_0.conda
  sha256: dfb681579be59c2e790c95f7f49b7529a9b0511d6385ad276e3c8988cbd54d2c
  md5: 4bada6a6d908a27262af8ebddf4f7492
  depends:
  - python >=3.10
  - python
  license: BSD-3-Clause
  license_family: BSD
  purls:
  - pkg:pypi/traitlets?source=hash-mapping
  size: 115165
  timestamp: 1778074251714
- conda: https://conda.anaconda.org/conda-forge/noarch/typing_extensions-4.15.0-pyhcf101f3_0.conda
  sha256: 032271135bca55aeb156cee361c81350c6f3fb203f57d024d7e5a1fc9ef18731
  md5: 0caa1af407ecff61170c9437a808404d
  depends:
  - python >=3.10
  - python
  license: PSF-2.0
  license_family: PSF
  purls:
  - pkg:pypi/typing-extensions?source=hash-mapping
  size: 51692
  timestamp: 1756220668932
- conda: https://conda.anaconda.org/conda-forge/noarch/tzdata-2025c-hc9c84f9_1.conda
  sha256: 1d30098909076af33a35017eed6f2953af1c769e273a0626a04722ac4acaba3c
  md5: ad659d0a2b3e47e38d829aa8cad2d610
  license: LicenseRef-Public-Domain
  purls: []
  size: 119135
  timestamp: 1767016325805
- conda: https://conda.anaconda.org/conda-forge/noarch/wcwidth-0.7.0-pyhd8ed1ab_0.conda
  sha256: 1ee2d8384972ecbf8630ce8a3ea9d16858358ad3e8566675295e66996d5352da
  md5: eb9538b8e55069434a18547f43b96059
  depends:
  - python >=3.10
  license: MIT
  license_family: MIT
  purls:
  - pkg:pypi/wcwidth?source=hash-mapping
  size: 82917
  timestamp: 1777744489106
- conda: https://conda.anaconda.org/conda-forge/win-64/bzip2-1.0.8-h0ad9c76_9.conda
  sha256: 76dfb71df5e8d1c4eded2dbb5ba15bb8fb2e2b0fe42d94145d5eed4c75c35902
  md5: 4cb8e6b48f67de0b018719cdf1136306
  depends:
  - ucrt >=10.0.20348.0
  - vc >=14.3,<15
  - vc14_runtime >=14.44.35208
  license: bzip2-1.0.6
  license_family: BSD
  purls: []
  size: 56115
  timestamp: 1771350256444
- conda: https://conda.anaconda.org/conda-forge/win-64/debugpy-1.8.20-py314hb98de8c_0.conda
  sha256: ece1d8299ad081edaf1e5279f2a900bdedddb2c795ac029a06401543cd7610ad
  md5: 48ae8370a4562f7049d587d017792a3a
  depends:
  - python
  - vc >=14.3,<15
  - vc14_runtime >=14.44.35208
  - ucrt >=10.0.20348.0
  - python_abi 3.14.* *_cp314
  license: MIT
  license_family: MIT
  purls:
  - pkg:pypi/debugpy?source=hash-mapping
  size: 4026404
  timestamp: 1769745008861
- conda: https://conda.anaconda.org/conda-forge/win-64/krb5-1.22.2-h0ea6238_0.conda
  sha256: eb60f1ad8b597bcf95dee11bc11fe71a8325bc1204cf51d2bb1f2120ffd77761
  md5: 4432f52dc0c8eb6a7a6abc00a037d93c
  depends:
  - openssl >=3.5.5,<4.0a0
  - ucrt >=10.0.20348.0
  - vc >=14.3,<15
  - vc14_runtime >=14.44.35208
  license: MIT
  license_family: MIT
  purls: []
  size: 751055
  timestamp: 1769769688841
- conda: https://conda.anaconda.org/conda-forge/win-64/libexpat-2.8.0-hac47afa_0.conda
  sha256: 2d81d647c1f01108803457cac999b947456f44dd0a3c2325395677feacaeca67
  md5: 264e350e035092b5135a2147c238aec4
  depends:
  - ucrt >=10.0.20348.0
  - vc >=14.3,<15
  - vc14_runtime >=14.44.35208
  constrains:
  - expat 2.8.0.*
  license: MIT
  license_family: MIT
  purls: []
  size: 71094
  timestamp: 1777846223617
- conda: https://conda.anaconda.org/conda-forge/win-64/libffi-3.5.2-h3d046cb_0.conda
  sha256: 59d01f2dfa8b77491b5888a5ab88ff4e1574c9359f7e229da254cdfe27ddc190
  md5: 720b39f5ec0610457b725eb3f396219a
  depends:
  - ucrt >=10.0.20348.0
  - vc >=14.3,<15
  - vc14_runtime >=14.44.35208
  license: MIT
  license_family: MIT
  purls: []
  size: 45831
  timestamp: 1769456418774
- conda: https://conda.anaconda.org/conda-forge/win-64/liblzma-5.8.3-hfd05255_0.conda
  sha256: d636d1a25234063642f9c531a7bb58d84c1c496411280a36ea000bd122f078f1
  md5: 8f83619ab1588b98dd99c90b0bfc5c6d
  depends:
  - ucrt >=10.0.20348.0
  - vc >=14.3,<15
  - vc14_runtime >=14.44.35208
  constrains:
  - xz 5.8.3.*
  license: 0BSD
  purls: []
  size: 106486
  timestamp: 1775825663227
- conda: https://conda.anaconda.org/conda-forge/win-64/libmpdec-4.0.0-hfd05255_1.conda
  sha256: 40dcd0b9522a6e0af72a9db0ced619176e7cfdb114855c7a64f278e73f8a7514
  md5: e4a9fc2bba3b022dad998c78856afe47
  depends:
  - ucrt >=10.0.20348.0
  - vc >=14.3,<15
  - vc14_runtime >=14.44.35208
  license: BSD-2-Clause
  license_family: BSD
  purls: []
  size: 89411
  timestamp: 1769482314283
- conda: https://conda.anaconda.org/conda-forge/win-64/libsodium-1.0.21-h6a83c73_3.conda
  sha256: d915f4fa8ebbf237c7a6e511ed458f2cfdc7c76843a924740318a15d0dd33d6d
  md5: da2aa614d16a795b3007b6f4a1318a81
  depends:
  - vc >=14.3,<15
  - vc14_runtime >=14.44.35208
  - ucrt >=10.0.20348.0
  license: ISC
  purls: []
  size: 276860
  timestamp: 1772479407566
- conda: https://conda.anaconda.org/conda-forge/win-64/libsqlite-3.53.1-hf5d6505_0.conda
  sha256: e70562450332ca8954bc16f3455468cca5ef3695c7d7187ecc87f8fc3c70e9eb
  md5: 7fea434a17c323256acc510a041b80d7
  depends:
  - ucrt >=10.0.20348.0
  - vc >=14.3,<15
  - vc14_runtime >=14.44.35208
  license: blessing
  purls: []
  size: 1304178
  timestamp: 1777986510497
- conda: https://conda.anaconda.org/conda-forge/win-64/libzlib-1.3.2-hfd05255_2.conda
  sha256: 88609816e0cc7452bac637aaf65783e5edf4fee8a9f8e22bdc3a75882c536061
  md5: dbabbd6234dea34040e631f87676292f
  depends:
  - ucrt >=10.0.20348.0
  - vc >=14.3,<15
  - vc14_runtime >=14.44.35208
  constrains:
  - zlib 1.3.2 *_2
  license: Zlib
  license_family: Other
  purls: []
  size: 58347
  timestamp: 1774072851498
- conda: https://conda.anaconda.org/conda-forge/win-64/openssl-3.6.2-hf411b9b_0.conda
  sha256: feb5815125c60f2be4a411e532db1ed1cd2d7261a6a43c54cb6ae90724e2e154
  md5: 05c7d624cff49dbd8db1ad5ba537a8a3
  depends:
  - ca-certificates
  - ucrt >=10.0.20348.0
  - vc >=14.3,<15
  - vc14_runtime >=14.44.35208
  license: Apache-2.0
  license_family: Apache
  purls: []
  size: 9410183
  timestamp: 1775589779763
- conda: https://conda.anaconda.org/conda-forge/win-64/psutil-7.2.2-py314hc5dbbe4_0.conda
  sha256: 17c8274ce5a32c9793f73a5a0094bd6188f3a13026a93147655143d4df034214
  md5: fd539ac231820f64066839251aa9fa48
  depends:
  - python
  - vc >=14.3,<15
  - vc14_runtime >=14.44.35208
  - ucrt >=10.0.20348.0
  - python_abi 3.14.* *_cp314
  license: BSD-3-Clause
  license_family: BSD
  purls:
  - pkg:pypi/psutil?source=hash-mapping
  size: 249950
  timestamp: 1769678167309
- conda: https://conda.anaconda.org/conda-forge/win-64/python-3.14.4-h4b44e0e_100_cp314.conda
  build_number: 100
  sha256: e258d626b0ba778abb319f128de4c1211306fe86fe0803166817b1ce2514c920
  md5: 40b6a8f438afb5e7b314cc5c4a43cd84
  depends:
  - bzip2 >=1.0.8,<2.0a0
  - libexpat >=2.7.5,<3.0a0
  - libffi >=3.5.2,<3.6.0a0
  - liblzma >=5.8.2,<6.0a0
  - libmpdec >=4.0.0,<5.0a0
  - libsqlite >=3.52.0,<4.0a0
  - libzlib >=1.3.2,<2.0a0
  - openssl >=3.5.6,<4.0a0
  - python_abi 3.14.* *_cp314
  - tk >=8.6.13,<8.7.0a0
  - tzdata
  - ucrt >=10.0.20348.0
  - vc >=14.3,<15
  - vc14_runtime >=14.44.35208
  - zstd >=1.5.7,<1.6.0a0
  license: Python-2.0
  purls: []
  size: 18055445
  timestamp: 1775615317758
  python_site_packages_path: Lib/site-packages
- conda: https://conda.anaconda.org/conda-forge/win-64/pywin32-311-py314h8f8f202_1.conda
  sha256: 6918a8067f296f3c65d43e84558170c9e6c3f4dd735cfe041af41a7fdba7b171
  md5: 2d7b7ba21e8a8ced0eca553d4d53f773
  depends:
  - python
  - vc >=14.3,<15
  - vc14_runtime >=14.44.35208
  - ucrt >=10.0.20348.0
  - vc >=14.3,<15
  - vc14_runtime >=14.44.35208
  - ucrt >=10.0.20348.0
  - python_abi 3.14.* *_cp314
  license: PSF-2.0
  license_family: PSF
  purls:
  - pkg:pypi/pywin32?source=hash-mapping
  size: 6713155
  timestamp: 1756487145487
- conda: https://conda.anaconda.org/conda-forge/win-64/pyzmq-27.1.0-py312h343a6d4_2.conda
  noarch: python
  sha256: d84bcc19a945ca03d1fd794be3e9896ab6afc9f691d58d9c2da514abe584d4df
  md5: eb1ec67a70b4d479f7dd76e6c8fe7575
  depends:
  - python
  - vc >=14.3,<15
  - vc14_runtime >=14.44.35208
  - ucrt >=10.0.20348.0
  - zeromq >=4.3.5,<4.3.6.0a0
  - _python_abi3_support 1.*
  - cpython >=3.12
  license: BSD-3-Clause
  license_family: BSD
  purls:
  - pkg:pypi/pyzmq?source=hash-mapping
  size: 183235
  timestamp: 1771716967192
- conda: https://conda.anaconda.org/conda-forge/win-64/tk-8.6.13-h6ed50ae_3.conda
  sha256: 0e79810fae28f3b69fe7391b0d43f5474d6bd91d451d5f2bde02f55ae481d5e3
  md5: 0481bfd9814bf525bd4b3ee4b51494c4
  depends:
  - ucrt >=10.0.20348.0
  - vc >=14.3,<15
  - vc14_runtime >=14.44.35208
  license: TCL
  license_family: BSD
  purls: []
  size: 3526350
  timestamp: 1769460339384
- conda: https://conda.anaconda.org/conda-forge/win-64/tornado-6.5.5-py314h5a2d7ad_0.conda
  sha256: 49d64837dd02475903479ca47b82669bd6c9f7e6afde61860c6f3f2bd57d8a03
  md5: 87b1215adf7f0ba1fb9250af9fc668e1
  depends:
  - python >=3.14,<3.15.0a0
  - python_abi 3.14.* *_cp314
  - ucrt >=10.0.20348.0
  - vc >=14.3,<15
  - vc14_runtime >=14.44.35208
  license: Apache-2.0
  license_family: Apache
  purls:
  - pkg:pypi/tornado?source=hash-mapping
  size: 914835
  timestamp: 1774358183098
- conda: https://conda.anaconda.org/conda-forge/win-64/ucrt-10.0.26100.0-h57928b3_0.conda
  sha256: 3005729dce6f3d3f5ec91dfc49fc75a0095f9cd23bab49efb899657297ac91a5
  md5: 71b24316859acd00bdb8b38f5e2ce328
  constrains:
  - vc14_runtime >=14.29.30037
  - vs2015_runtime >=14.29.30037
  license: LicenseRef-MicrosoftWindowsSDK10
  purls: []
  size: 694692
  timestamp: 1756385147981
- conda: https://conda.anaconda.org/conda-forge/win-64/vc-14.3-h41ae7f8_36.conda
  sha256: 7c86d8ed3ac473c3e4dde0dd05aeb1f3189a26ad66c0e250f6cf4018e73358f2
  md5: 3466ff4a8753003eeb173f508d3d5a49
  depends:
  - vc14_runtime >=14.44.35208
  track_features:
  - vc14
  license: BSD-3-Clause
  license_family: BSD
  purls: []
  size: 19989
  timestamp: 1778688080106
- conda: https://conda.anaconda.org/conda-forge/win-64/vc14_runtime-14.44.35208-h818238b_36.conda
  sha256: 902984f2282859a76d764d80d74f873df7c7749117cfac15c5106e086fb2b772
  md5: 65f5c81f2796961fcfd808eee8e73596
  depends:
  - ucrt >=10.0.20348.0
  - vcomp14 14.44.35208 h818238b_36
  constrains:
  - vs2015_runtime 14.44.35208.* *_36
  license: LicenseRef-MicrosoftVisualCpp2015-2022Runtime
  license_family: Proprietary
  purls: []
  size: 683790
  timestamp: 1778688078434
- conda: https://conda.anaconda.org/conda-forge/win-64/vcomp14-14.44.35208-h818238b_36.conda
  sha256: 0cd5b905ab2b5e9fcb170fe8801b64917effef8e3a73ffd9b2cc4c3ee387f09c
  md5: 4aa1884260877bd57d16070d20271e2d
  depends:
  - ucrt >=10.0.20348.0
  constrains:
  - vs2015_runtime 14.44.35208.* *_36
  license: LicenseRef-MicrosoftVisualCpp2015-2022Runtime
  license_family: Proprietary
  purls: []
  size: 115995
  timestamp: 1778688058077
- conda: https://conda.anaconda.org/conda-forge/win-64/zeromq-4.3.5-h507cc87_10.conda
  sha256: b8568dfde46edf3455458912ea6ffb760e4456db8230a0cf34ecbc557d3c275f
  md5: 1ab0237036bfb14e923d6107473b0021
  depends:
  - vc >=14.3,<15
  - vc14_runtime >=14.44.35208
  - ucrt >=10.0.20348.0
  - libsodium >=1.0.21,<1.0.22.0a0
  - krb5 >=1.22.2,<1.23.0a0
  license: MPL-2.0
  license_family: MOZILLA
  purls: []
  size: 265665
  timestamp: 1772476832995
- conda: https://conda.anaconda.org/conda-forge/win-64/zstd-1.5.7-h534d264_6.conda
  sha256: 368d8628424966fd8f9c8018326a9c779e06913dd39e646cf331226acc90e5b2
  md5: 053b84beec00b71ea8ff7a4f84b55207
  depends:
  - vc >=14.3,<15
  - vc14_runtime >=14.44.35208
  - ucrt >=10.0.20348.0
  - libzlib >=1.3.1,<2.0a0
  license: BSD-3-Clause
  license_family: BSD
  purls: []
  size: 388453
  timestamp: 1764777142545
- pypi: https://files.pythonhosted.org/packages/17/c1/3226e6d7f5a4f736f38ac11a6fbb262d701889802595cdb0f53a885ac2e0/pydantic_extra_types-2.11.1-py3-none-any.whl
  name: pydantic-extra-types
  version: 2.11.1
  sha256: 1722ea2bddae5628ace25f2aa685b69978ef533123e5638cfbddb999e0100ec1
  requires_dist:
  - pydantic>=2.5.2
  - typing-extensions
  - cron-converter>=1.2.2 ; extra == 'all'
  - pendulum>=3.0.0,<4.0.0 ; extra == 'all'
  - phonenumbers>=8,<10 ; extra == 'all'
  - pycountry>=23 ; extra == 'all'
  - pymongo>=4.0.0,<5.0.0 ; extra == 'all'
  - python-ulid>=1,<2 ; python_full_version < '3.9' and extra == 'all'
  - python-ulid>=1,<4 ; python_full_version >= '3.9' and extra == 'all'
  - pytz>=2024.1 ; extra == 'all'
  - semver>=3.0.2 ; extra == 'all'
  - semver~=3.0.2 ; extra == 'all'
  - tzdata>=2024.1 ; extra == 'all'
  - uuid-utils>=0.6.0 ; python_full_version < '3.14' and extra == 'all'
  - cron-converter>=1.2.2 ; extra == 'cron'
  - pendulum>=3.0.0,<4.0.0 ; extra == 'pendulum'
  - phonenumbers>=8,<10 ; extra == 'phonenumbers'
  - pycountry>=23 ; extra == 'pycountry'
  - python-ulid>=1,<2 ; python_full_version < '3.9' and extra == 'python-ulid'
  - python-ulid>=1,<4 ; python_full_version >= '3.9' and extra == 'python-ulid'
  - semver>=3.0.2 ; extra == 'semver'
  - uuid-utils>=0.6.0 ; python_full_version < '3.14' and extra == 'uuid-utils'
  requires_python: '>=3.9'
- pypi: https://files.pythonhosted.org/packages/3f/0e/fa3b193432cfc60c93b42f3be03365f5f909d2b3ea410295cf36df739e31/widgetsnbextension-4.0.15-py3-none-any.whl
  name: widgetsnbextension
  version: 4.0.15
  sha256: 8156704e4346a571d9ce73b84bee86a29906c9abfd7223b7228a28899ccf3366
  requires_python: '>=3.7'
- pypi: https://files.pythonhosted.org/packages/56/6d/0d9848617b9f753b87f214f1c682592f7ca42de085f564352f10f0843026/ipywidgets-8.1.8-py3-none-any.whl
  name: ipywidgets
  version: 8.1.8
  sha256: ecaca67aed704a338f88f67b1181b58f821ab5dc89c1f0f5ef99db43c1c2921e
  requires_dist:
  - comm>=0.1.3
  - ipython>=6.1.0
  - traitlets>=4.3.1
  - widgetsnbextension~=4.0.14
  - jupyterlab-widgets~=3.0.15
  - jsonschema ; extra == 'test'
  - ipykernel ; extra == 'test'
  - pytest>=3.6.0 ; extra == 'test'
  - pytest-cov ; extra == 'test'
  - pytz ; extra == 'test'
  requires_python: '>=3.7'
- pypi: https://files.pythonhosted.org/packages/78/b6/6307fbef88d9b5ee7421e68d78a9f162e0da4900bc5f5793f6d3d0e34fb8/annotated_types-0.7.0-py3-none-any.whl
  name: annotated-types
  version: 0.7.0
  sha256: 1f02e8b43a8fbbc3f3e0d4f0f4bfc8131bcb4eebe8849b8e5c773f3a1c582a53
  requires_dist:
  - typing-extensions>=4.0.0 ; python_full_version < '3.9'
  requires_python: '>=3.8'
- pypi: https://files.pythonhosted.org/packages/84/45/cf8a8df3ebe78db691ab54525d552085b67658877f0334f4b0c08c43b518/enum_tools-0.13.0-py3-none-any.whl
  name: enum-tools
  version: 0.13.0
  sha256: e0112b16767dd08cb94105844b52770eae67ece6f026916a06db4a3d330d2a95
  requires_dist:
  - pygments>=2.6.1
  - typing-extensions>=3.7.4.3
  - sphinx>=3.4.0 ; extra == 'sphinx'
  - sphinx-jinja2-compat>=0.1.1 ; extra == 'sphinx'
  - sphinx-toolbox>=2.16.0 ; extra == 'sphinx'
  - sphinx>=3.4.0 ; extra == 'all'
  - sphinx-jinja2-compat>=0.1.1 ; extra == 'all'
  - sphinx-toolbox>=2.16.0 ; extra == 'all'
  requires_python: '>=3.7'
- pypi: https://files.pythonhosted.org/packages/8e/c2/8fec8e8e2eb920cc2280f569144080cd58622a2eda83bfa4c0c354a63264/anywidget-0.11.0-py3-none-any.whl
  name: anywidget
  version: 0.11.0
  sha256: c574d9acc6503ad27b37a9acea48f957a8ba7c9c9876cfcb37898931c098ce9d
  requires_dist:
  - ipywidgets>=7.6.0
  - psygnal>=0.8.1
  - typing-extensions>=4.2.0
  - watchfiles>=1.1.0 ; extra == 'dev'
  requires_python: '>=3.10'
- pypi: https://files.pythonhosted.org/packages/9f/e9/8e38e2d9d3252caf7e91c8b71e9701e792c6912de71c95a000889d2fb1a2/neo4j_viz-1.4.0-py3-none-any.whl
  name: neo4j-viz
  version: 1.4.0
  sha256: 0b1e9ad196419c86b189848820b33ce35539500723f1e38bcbc0f37165fbd9b8
  requires_dist:
  - ipython>=7,<10
  - pydantic>=2,<3
  - pydantic-extra-types>=2,<3
  - enum-tools==0.13.0
  - anywidget>=0.9,<1
  - traitlets>=5,<6
  - pandas>=2,<3 ; extra == 'pandas'
  - pandas-stubs>=2,<3 ; extra == 'pandas'
  - graphdatascience>=1,<2 ; extra == 'gds'
  - neo4j ; extra == 'neo4j'
  - snowflake-snowpark-python>=1,<2 ; extra == 'snowflake'
  requires_python: '>=3.10'
- pypi: https://files.pythonhosted.org/packages/ab/b5/36c712098e6191d1b4e349304ef73a8d06aed77e56ceaac8c0a306c7bda1/jupyterlab_widgets-3.0.16-py3-none-any.whl
  name: jupyterlab-widgets
  version: 3.0.16
  sha256: 45fa36d9c6422cf2559198e4db481aa243c7a32d9926b500781c830c80f7ecf8
  requires_python: '>=3.7'
- pypi: https://files.pythonhosted.org/packages/b7/85/b4f45ec3057c473b5622fc002b3a636a698c34d3a0917a064ff5247f1984/psygnal-0.15.1-cp314-cp314-win_amd64.whl
  name: psygnal
  version: 0.15.1
  sha256: d3a03055f331ce91d44581c71edb79938ccc133a94af2ce7ad3a18fa57ac7be5
  requires_dist:
  - wrapt ; extra == 'proxy'
  - pydantic ; extra == 'pydantic'
  requires_python: '>=3.10'
- pypi: https://files.pythonhosted.org/packages/dc/9b/47798a6c91d8bdb567fe2698fe81e0c6b7cb7ef4d13da4114b41d239f65d/typing_inspection-0.4.2-py3-none-any.whl
  name: typing-inspection
  version: 0.4.2
  sha256: 4ed1cacbdc298c220f1bd249ed5287caa16f34d44ef4e9c3d0cbad5b521545e7
  requires_dist:
  - typing-extensions>=4.12.0
  requires_python: '>=3.9'
- pypi: https://files.pythonhosted.org/packages/fc/b6/6b8de4c0a7d7ab3004c439c80c5c1e0a3e8d78bbae19379b01960383d9e5/pydantic_core-2.46.4-cp314-cp314-win_amd64.whl
  name: pydantic-core
  version: 2.46.4
  sha256: 811ff8e9c313ab425368bcbb36e5c4ebd7108c2bbf4e4089cfbb0b01eff63fac
  requires_dist:
  - typing-extensions>=4.14.1
  requires_python: '>=3.9'
- pypi: https://files.pythonhosted.org/packages/fd/7b/122376b1fd3c62c1ed9dc80c931ace4844b3c55407b6fb2d199377c9736f/pydantic-2.13.4-py3-none-any.whl
  name: pydantic
  version: 2.13.4
  sha256: 45a282cde31d808236fd7ea9d919b128653c8b38b393d1c4ab335c62924d9aba
  requires_dist:
  - annotated-types>=0.6.0
  - pydantic-core==2.46.4
  - typing-extensions>=4.14.1
  - typing-inspection>=0.4.2
  - email-validator>=2.0.0 ; extra == 'email'
  - tzdata ; python_full_version >= '3.9' and sys_platform == 'win32' and extra == 'timezone'
  requires_python: '>=3.9'
